
Microsoft Visual Studio Solution File, Format Version 12.00
# Visual Studio Version 17
VisualStudioVersion = 17.4.33213.308
MinimumVisualStudioVersion = 10.0.40219.1
Project("{FAE04EC0-301F-11D3-BF4B-00C04F79EFBC}") = "Web.Foundation.LanguageSelectorForm", "Web.Foundation.LanguageSelectorForm\Web.Foundation.LanguageSelectorForm.csproj", "{172565D6-C481-4D0F-A219-1CA08FD642EB}"
EndProject
Global
	GlobalSection(SolutionConfigurationPlatforms) = preSolution
		Debug|Any CPU = Debug|Any CPU
		Release|Any CPU = Release|Any CPU
	EndGlobalSection
	GlobalSection(ProjectConfigurationPlatforms) = postSolution
		{172565D6-C481-4D0F-A219-1CA08FD642EB}.Debug|Any CPU.ActiveCfg = Debug|Any CPU
		{172565D6-C481-4D0F-A219-1CA08FD642EB}.Debug|Any CPU.Build.0 = Debug|Any CPU
		{172565D6-C481-4D0F-A219-1CA08FD642EB}.Release|Any CPU.ActiveCfg = Release|Any CPU
		{172565D6-C481-4D0F-A219-1CA08FD642EB}.Release|Any CPU.Build.0 = Release|Any CPU
	EndGlobalSection
	GlobalSection(SolutionProperties) = preSolution
		HideSolutionNode = FALSE
	EndGlobalSection
	GlobalSection(ExtensibilityGlobals) = postSolution
		SolutionGuid = {96581B07-D52E-4F05-AF6F-737BCB05130C}
	EndGlobalSection
EndGlobal
